
Microsoft Visual Studio Solution File, Format Version 12.00
# Visual Studio 14
VisualStudioVersion = 14.0.25420.1
MinimumVisualStudioVersion = 10.0.40219.1
Project("{FAE04EC0-301F-11D3-BF4B-00C04F79EFBC}") = "IterativeFibonacciNumbers", "IterativeFibonacciNumbers\IterativeFibonacciNumbers.csproj", "{6C586BFE-B07E-48BE-830F-A7B6A6901EAE}"
EndProject
Project("{FAE04EC0-301F-11D3-BF4B-00C04F79EFBC}") = "RecursiveFibonacciNumberes", "RecursiveFibonacciNumberes\RecursiveFibonacciNumberes.csproj", "{7CE651D1-569E-4C98-985B-FF0F9BA629BE}"
EndProject
Project("{FAE04EC0-301F-11D3-BF4B-00C04F79EFBC}") = "NthFibonacciNumbers", "NthFibonacciNumbers\NthFibonacciNumbers.csproj", "{A69C108B-6F8E-49A3-B03E-E49189287E88}"
EndProject
Global
	GlobalSection(SolutionConfigurationPlatforms) = preSolution
		Debug|Any CPU = Debug|Any CPU
		Release|Any CPU = Release|Any CPU
	EndGlobalSection
	GlobalSection(ProjectConfigurationPlatforms) = postSolution
		{6C586BFE-B07E-48BE-830F-A7B6A6901EAE}.Debug|Any CPU.ActiveCfg = Debug|Any CPU
		{6C586BFE-B07E-48BE-830F-A7B6A6901EAE}.Debug|Any CPU.Build.0 = Debug|Any CPU
		{6C586BFE-B07E-48BE-830F-A7B6A6901EAE}.Release|Any CPU.ActiveCfg = Release|Any CPU
		{6C586BFE-B07E-48BE-830F-A7B6A6901EAE}.Release|Any CPU.Build.0 = Release|Any CPU
		{7CE651D1-569E-4C98-985B-FF0F9BA629BE}.Debug|Any CPU.ActiveCfg = Debug|Any CPU
		{7CE651D1-569E-4C98-985B-FF0F9BA629BE}.Debug|Any CPU.Build.0 = Debug|Any CPU
		{7CE651D1-569E-4C98-985B-FF0F9BA629BE}.Release|Any CPU.ActiveCfg = Release|Any CPU
		{7CE651D1-569E-4C98-985B-FF0F9BA629BE}.Release|Any CPU.Build.0 = Release|Any CPU
		{A69C108B-6F8E-49A3-B03E-E49189287E88}.Debug|Any CPU.ActiveCfg = Debug|Any CPU
		{A69C108B-6F8E-49A3-B03E-E49189287E88}.Debug|Any CPU.Build.0 = Debug|Any CPU
		{A69C108B-6F8E-49A3-B03E-E49189287E88}.Release|Any CPU.ActiveCfg = Release|Any CPU
		{A69C108B-6F8E-49A3-B03E-E49189287E88}.Release|Any CPU.Build.0 = Release|Any CPU
	EndGlobalSection
	GlobalSection(SolutionProperties) = preSolution
		HideSolutionNode = FALSE
	EndGlobalSection
EndGlobal
